
Microsoft Visual Studio Solution File, Format Version 12.00
# Visual Studio Version 17
VisualStudioVersion = 17.0.32112.339
MinimumVisualStudioVersion = 10.0.40219.1
Project("{9A19103F-16F7-4668-BE54-9A1E7A4F7556}") = "DemoArchitcture.API", "DemoArchitcture\DemoArchitcture.API.csproj", "{2998154C-7DEE-4B98-BD74-607AF274D1F4}"
EndProject
Global
	GlobalSection(SolutionConfigurationPlatforms) = preSolution
		Debug|Any CPU = Debug|Any CPU
		Release|Any CPU = Release|Any CPU
	EndGlobalSection
	GlobalSection(ProjectConfigurationPlatforms) = postSolution
		{2998154C-7DEE-4B98-BD74-607AF274D1F4}.Debug|Any CPU.ActiveCfg = Debug|Any CPU
		{2998154C-7DEE-4B98-BD74-607AF274D1F4}.Debug|Any CPU.Build.0 = Debug|Any CPU
		{2998154C-7DEE-4B98-BD74-607AF274D1F4}.Release|Any CPU.ActiveCfg = Release|Any CPU
		{2998154C-7DEE-4B98-BD74-607AF274D1F4}.Release|Any CPU.Build.0 = Release|Any CPU
	EndGlobalSection
	GlobalSection(SolutionProperties) = preSolution
		HideSolutionNode = FALSE
	EndGlobalSection
	GlobalSection(ExtensibilityGlobals) = postSolution
		SolutionGuid = {E513F102-13DF-4D6F-BA27-1F821C81059B}
	EndGlobalSection
EndGlobal
